
Microsoft Visual Studio Solution File, Format Version 12.00
# Visual Studio Version 16
VisualStudioVersion = 16.0.31025.194
MinimumVisualStudioVersion = 10.0.40219.1
Project("{FAE04EC0-301F-11D3-BF4B-00C04F79EFBC}") = "teste", "teste\teste.csproj", "{18D4316E-4BFC-4991-82BE-BF6E6C46885B}"
EndProject
Global
	GlobalSection(SolutionConfigurationPlatforms) = preSolution
		Debug|Any CPU = Debug|Any CPU
		Release|Any CPU = Release|Any CPU
	EndGlobalSection
	GlobalSection(ProjectConfigurationPlatforms) = postSolution
		{18D4316E-4BFC-4991-82BE-BF6E6C46885B}.Debug|Any CPU.ActiveCfg = Debug|Any CPU
		{18D4316E-4BFC-4991-82BE-BF6E6C46885B}.Debug|Any CPU.Build.0 = Debug|Any CPU
		{18D4316E-4BFC-4991-82BE-BF6E6C46885B}.Release|Any CPU.ActiveCfg = Release|Any CPU
		{18D4316E-4BFC-4991-82BE-BF6E6C46885B}.Release|Any CPU.Build.0 = Release|Any CPU
	EndGlobalSection
	GlobalSection(SolutionProperties) = preSolution
		HideSolutionNode = FALSE
	EndGlobalSection
	GlobalSection(ExtensibilityGlobals) = postSolution
		SolutionGuid = {37125FBC-6815-4BAF-9CF4-1C60A9FE960B}
	EndGlobalSection
EndGlobal
